// !$*UTF8*$!
{
	archiveVersion = 1;
	classes = {
	};
	objectVersion = 46;
	objects = {

/* Begin PBXBuildFile section */
		1A16D84F1A7ACE34001909FA /* AppDelegate.swift in Sources */ = {isa = PBXBuildFile; fileRef = 1A16D84E1A7ACE34001909FA /* AppDelegate.swift */; };
		1A16D8511A7ACE34001909FA /* ViewController.swift in Sources */ = {isa = PBXBuildFile; fileRef = 1A16D8501A7ACE34001909FA /* ViewController.swift */; };
		1A16D8541A7ACE34001909FA /* Main.storyboard in Resources */ = {isa = PBXBuildFile; fileRef = 1A16D8521A7ACE34001909FA /* Main.storyboard */; };
		1A16D8561A7ACE34001909FA /* Images.xcassets in Resources */ = {isa = PBXBuildFile; fileRef = 1A16D8551A7ACE34001909FA /* Images.xcassets */; };
		1A16D8591A7ACE35001909FA /* LaunchScreen.xib in Resources */ = {isa = PBXBuildFile; fileRef = 1A16D8571A7ACE34001909FA /* LaunchScreen.xib */; };
		1A16D8651A7ACE35001909FA /* ShoeConverterTests.swift in Sources */ = {isa = PBXBuildFile; fileRef = 1A16D8641A7ACE35001909FA /* ShoeConverterTests.swift */; };
/* End PBXBuildFile section */

/* Begin PBXContainerItemProxy section */
		1A16D85F1A7ACE35001909FA /* PBXContainerItemProxy */ = {
			isa = PBXContainerItemProxy;
			containerPortal = 1A16D8411A7ACE34001909FA /* Project object */;
			proxyType = 1;
			remoteGlobalIDString = 1A16D8481A7ACE34001909FA;
			remoteInfo = ShoeConverter;
		};
/* End PBXContainerItemProxy section */

/* Begin PBXFileReference section */
		1A16D8491A7ACE34001909FA /* ShoeConverter.app */ = {isa = PBXFileReference; explicitFileType = wrapper.application; includeInIndex = 0; path = ShoeConverter.app; sourceTree = BUILT_PRODUCTS_DIR; };
		1A16D84D1A7ACE34001909FA /* Info.plist */ = {isa = PBXFileReference; lastKnownFileType = text.plist.xml; path = Info.plist; sourceTree = "<group>"; };
		1A16D84E1A7ACE34001909FA /* AppDelegate.swift */ = {isa = PBXFileReference; lastKnownFileType = sourcecode.swift; path = AppDelegate.swift; sourceTree = "<group>"; };
		1A16D8501A7ACE34001909FA /* ViewController.swift */ = {isa = PBXFileReference; lastKnownFileType = sourcecode.swift; path = ViewController.swift; sourceTree = "<group>"; };
		1A16D8531A7ACE34001909FA /* Base */ = {isa = PBXFileReference; lastKnownFileType = file.storyboard; name = Base; path = Base.lproj/Main.storyboard; sourceTree = "<group>"; };
		1A16D8551A7ACE34001909FA /* Images.xcassets */ = {isa = PBXFileReference; lastKnownFileType = folder.assetcatalog; path = Images.xcassets; sourceTree = "<group>"; };
		1A16D8581A7ACE35001909FA /* Base */ = {isa = PBXFileReference; lastKnownFileType = file.xib; name = Base; path = Base.lproj/LaunchScreen.xib; sourceTree = "<group>"; };
		1A16D85E1A7ACE35001909FA /* ShoeConverterTests.xctest */ = {isa = PBXFileReference; explicitFileType = wrapper.cfbundle; includeInIndex = 0; path = ShoeConverterTests.xctest; sourceTree = BUILT_PRODUCTS_DIR; };
		1A16D8631A7ACE35001909FA /* Info.plist */ = {isa = PBXFileReference; lastKnownFileType = text.plist.xml; path = Info.plist; sourceTree = "<group>"; };
		1A16D8641A7ACE35001909FA /* ShoeConverterTests.swift */ = {isa = PBXFileReference; lastKnownFileType = sourcecode.swift; path = ShoeConverterTests.swift; sourceTree = "<group>"; };
/* End PBXFileReference section */

/* Begin PBXFrameworksBuildPhase section */
		1A16D8461A7ACE34001909FA /* Frameworks */ = {
			isa = PBXFrameworksBuildPhase;
			buildActionMask = 2147483647;
			files = (
			);
			runOnlyForDeploymentPostprocessing = 0;
		};
		1A16D85B1A7ACE35001909FA /* Frameworks */ = {
			isa = PBXFrameworksBuildPhase;
			buildActionMask = 2147483647;
			files = (
			);
			runOnlyForDeploymentPostprocessing = 0;
		};
/* End PBXFrameworksBuildPhase section */

/* Begin PBXGroup section */
		1A16D8401A7ACE34001909FA = {
			isa = PBXGroup;
			children = (
				1A16D84B1A7ACE34001909FA /* ShoeConverter */,
				1A16D8611A7ACE35001909FA /* ShoeConverterTests */,
				1A16D84A1A7ACE34001909FA /* Products */,
			);
			sourceTree = "<group>";
		};
		1A16D84A1A7ACE34001909FA /* Products */ = {
			isa = PBXGroup;
			children = (
				1A16D8491A7ACE34001909FA /* ShoeConverter.app */,
				1A16D85E1A7ACE35001909FA /* ShoeConverterTests.xctest */,
			);
			name = Products;
			sourceTree = "<group>";
		};
		1A16D84B1A7ACE34001909FA /* ShoeConverter */ = {
			isa = PBXGroup;
			children = (
				1A16D84E1A7ACE34001909FA /* AppDelegate.swift */,
				1A16D8501A7ACE34001909FA /* ViewController.swift */,
				1A16D8521A7ACE34001909FA /* Main.storyboard */,
				1A16D8551A7ACE34001909FA /* Images.xcassets */,
				1A16D8571A7ACE34001909FA /* LaunchScreen.xib */,
				1A16D84C1A7ACE34001909FA /* Supporting Files */,
			);
			path = ShoeConverter;
			sourceTree = "<group>";
		};
		1A16D84C1A7ACE34001909FA /* Supporting Files */ = {
			isa = PBXGroup;
			children = (
				1A16D84D1A7ACE34001909FA /* Info.plist */,
			);
			name = "Supporting Files";
			sourceTree = "<group>";
		};
		1A16D8611A7ACE35001909FA /* ShoeConverterTests */ = {
			isa = PBXGroup;
			children = (
				1A16D8641A7ACE35001909FA /* ShoeConverterTests.swift */,
				1A16D8621A7ACE35001909FA /* Supporting Files */,
			);
			path = ShoeConverterTests;
			sourceTree = "<group>";
		};
		1A16D8621A7ACE35001909FA /* Supporting Files */ = {
			isa = PBXGroup;
			children = (
				1A16D8631A7ACE35001909FA /* Info.plist */,
			);
			name = "Supporting Files";
			sourceTree = "<group>";
		};
/* End PBXGroup section */

/* Begin PBXNativeTarget section */
		1A16D8481A7ACE34001909FA /* ShoeConverter */ = {
			isa = PBXNativeTarget;
			buildConfigurationList = 1A16D8681A7ACE35001909FA /* Build configuration list for PBXNativeTarget "ShoeConverter" */;
			buildPhases = (
				1A16D8451A7ACE34001909FA /* Sources */,
				1A16D8461A7ACE34001909FA /* Frameworks */,
				1A16D8471A7ACE34001909FA /* Resources */,
			);
			buildRules = (
			);
			dependencies = (
			);
			name = ShoeConverter;
			productName = ShoeConverter;
			productReference = 1A16D8491A7ACE34001909FA /* ShoeConverter.app */;
			productType = "com.apple.product-type.application";
		};
		1A16D85D1A7ACE35001909FA /* ShoeConverterTests */ = {
			isa = PBXNativeTarget;
			buildConfigurationList = 1A16D86B1A7ACE35001909FA /* Build configuration list for PBXNativeTarget "ShoeConverterTests" */;
			buildPhases = (
				1A16D85A1A7ACE35001909FA /* Sources */,
				1A16D85B1A7ACE35001909FA /* Frameworks */,
				1A16D85C1A7ACE35001909FA /* Resources */,
			);
			buildRules = (
			);
			dependencies = (
				1A16D8601A7ACE35001909FA /* PBXTargetDependency */,
			);
			name = ShoeConverterTests;
			productName = ShoeConverterTests;
			productReference = 1A16D85E1A7ACE35001909FA /* ShoeConverterTests.xctest */;
			productType = "com.apple.product-type.bundle.unit-test";
		};
/* End PBXNativeTarget section */

/* Begin PBXProject section */
		1A16D8411A7ACE34001909FA /* Project object */ = {
			isa = PBXProject;
			attributes = {
				LastUpgradeCheck = 0610;
				ORGANIZATIONNAME = "Yung Dai";
				TargetAttributes = {
					1A16D8481A7ACE34001909FA = {
						CreatedOnToolsVersion = 6.1.1;
					};
					1A16D85D1A7ACE35001909FA = {
						CreatedOnToolsVersion = 6.1.1;
						TestTargetID = 1A16D8481A7ACE34001909FA;
					};
				};
			};
			buildConfigurationList = 1A16D8441A7ACE34001909FA /* Build configuration list for PBXProject "ShoeConverter" */;
			compatibilityVersion = "Xcode 3.2";
			developmentRegion = English;
			hasScannedForEncodings = 0;
			knownRegions = (
				en,
				Base,
			);
			mainGroup = 1A16D8401A7ACE34001909FA;
			productRefGroup = 1A16D84A1A7ACE34001909FA /* Products */;
			projectDirPath = "";
			projectRoot = "";
			targets = (
				1A16D8481A7ACE34001909FA /* ShoeConverter */,
				1A16D85D1A7ACE35001909FA /* ShoeConverterTests */,
			);
		};
/* End PBXProject section */

/* Begin PBXResourcesBuildPhase section */
		1A16D8471A7ACE34001909FA /* Resources */ = {
			isa = PBXResourcesBuildPhase;
			buildActionMask = 2147483647;
			files = (
				1A16D8541A7ACE34001909FA /* Main.storyboard in Resources */,
				1A16D8591A7ACE35001909FA /* LaunchScreen.xib in Resources */,
				1A16D8561A7ACE34001909FA /* Images.xcassets in Resources */,
			);
			runOnlyForDeploymentPostprocessing = 0;
		};
		1A16D85C1A7ACE35001909FA /* Resources */ = {
			isa = PBXResourcesBuildPhase;
			buildActionMask = 2147483647;
			files = (
			);
			runOnlyForDeploymentPostprocessing = 0;
		};
/* End PBXResourcesBuildPhase section */

/* Begin PBXSourcesBuildPhase section */
		1A16D8451A7ACE34001909FA /* Sources */ = {
			isa = PBXSourcesBuildPhase;
			buildActionMask = 2147483647;
			files = (
				1A16D8511A7ACE34001909FA /* ViewController.swift in Sources */,
				1A16D84F1A7ACE34001909FA /* AppDelegate.swift in Sources */,
			);
			runOnlyForDeploymentPostprocessing = 0;
		};
		1A16D85A1A7ACE35001909FA /* Sources */ = {
			isa = PBXSourcesBuildPhase;
			buildActionMask = 2147483647;
			files = (
				1A16D8651A7ACE35001909FA /* ShoeConverterTests.swift in Sources */,
			);
			runOnlyForDeploymentPostprocessing = 0;
		};
/* End PBXSourcesBuildPhase section */

/* Begin PBXTargetDependency section */
		1A16D8601A7ACE35001909FA /* PBXTargetDependency */ = {
			isa = PBXTargetDependency;
			target = 1A16D8481A7ACE34001909FA /* ShoeConverter */;
			targetProxy = 1A16D85F1A7ACE35001909FA /* PBXContainerItemProxy */;
		};
/* End PBXTargetDependency section */

/* Begin PBXVariantGroup section */
		1A16D8521A7ACE34001909FA /* Main.storyboard */ = {
			isa = PBXVariantGroup;
			children = (
				1A16D8531A7ACE34001909FA /* Base */,
			);
			name = Main.storyboard;
			sourceTree = "<group>";
		};
		1A16D8571A7ACE34001909FA /* LaunchScreen.xib */ = {
			isa = PBXVariantGroup;
			children = (
				1A16D8581A7ACE35001909FA /* Base */,
			);
			name = LaunchScreen.xib;
			sourceTree = "<group>";
		};
/* End PBXVariantGroup section */

/* Begin XCBuildConfiguration section */
		1A16D8661A7ACE35001909FA /* Debug */ = {
			isa = XCBuildConfiguration;
			buildSettings = {
				ALWAYS_SEARCH_USER_PATHS = NO;
				CLANG_CXX_LANGUAGE_STANDARD = "gnu++0x";
				CLANG_CXX_LIBRARY = "libc++";
				CLANG_ENABLE_MODULES = YES;
				CLANG_ENABLE_OBJC_ARC = YES;
				CLANG_WARN_BOOL_CONVERSION = YES;
				CLANG_WARN_CONSTANT_CONVERSION = YES;
				CLANG_WARN_DIRECT_OBJC_ISA_USAGE = YES_ERROR;
				CLANG_WARN_EMPTY_BODY = YES;
				CLANG_WARN_ENUM_CONVERSION = YES;
				CLANG_WARN_INT_CONVERSION = YES;
				CLANG_WARN_OBJC_ROOT_CLASS = YES_ERROR;
				CLANG_WARN_UNREACHABLE_CODE = YES;
				CLANG_WARN__DUPLICATE_METHOD_MATCH = YES;
				"CODE_SIGN_IDENTITY[sdk=iphoneos*]" = "iPhone Developer";
				COPY_PHASE_STRIP = NO;
				ENABLE_STRICT_OBJC_MSGSEND = YES;
				GCC_C_LANGUAGE_STANDARD = gnu99;
				GCC_DYNAMIC_NO_PIC = NO;
				GCC_OPTIMIZATION_LEVEL = 0;
				GCC_PREPROCESSOR_DEFINITIONS = (
					"DEBUG=1",
					"$(inherited)",
				);
				GCC_SYMBOLS_PRIVATE_EXTERN = NO;
				GCC_WARN_64_TO_32_BIT_CONVERSION = YES;
				GCC_WARN_ABOUT_RETURN_TYPE = YES_ERROR;
				GCC_WARN_UNDECLARED_SELECTOR = YES;
				GCC_WARN_UNINITIALIZED_AUTOS = YES_AGGRESSIVE;
				GCC_WARN_UNUSED_FUNCTION = YES;
				GCC_WARN_UNUSED_VARIABLE = YES;
				IPHONEOS_DEPLOYMENT_TARGET = 8.1;
				MTL_ENABLE_DEBUG_INFO = YES;
				ONLY_ACTIVE_ARCH = YES;
				SDKROOT = iphoneos;
				SWIFT_OPTIMIZATION_LEVEL = "-Onone";
				TARGETED_DEVICE_FAMILY = "1,2";
			};
			name = Debug;
		};
		1A16D8671A7ACE35001909FA /* Release */ = {
			isa = XCBuildConfiguration;
			buildSettings = {
				ALWAYS_SEARCH_USER_PATHS = NO;
				CLANG_CXX_LANGUAGE_STANDARD = "gnu++0x";
				CLANG_CXX_LIBRARY = "libc++";
				CLANG_ENABLE_MODULES = YES;
				CLANG_ENABLE_OBJC_ARC = YES;
				CLANG_WARN_BOOL_CONVERSION = YES;
				CLANG_WARN_CONSTANT_CONVERSION = YES;
				CLANG_WARN_DIRECT_OBJC_ISA_USAGE = YES_ERROR;
				CLANG_WARN_EMPTY_BODY = YES;
				CLANG_WARN_ENUM_CONVERSION = YES;
				CLANG_WARN_INT_CONVERSION = YES;
				CLANG_WARN_OBJC_ROOT_CLASS = YES_ERROR;
				CLANG_WARN_UNREACHABLE_CODE = YES;
				CLANG_WARN__DUPLICATE_METHOD_MATCH = YES;
				"CODE_SIGN_IDENTITY[sdk=iphoneos*]" = "iPhone Developer";
				COPY_PHASE_STRIP = YES;
				ENABLE_NS_ASSERTIONS = NO;
				ENABLE_STRICT_OBJC_MSGSEND = YES;
				GCC_C_LANGUAGE_STANDARD = gnu99;
				GCC_WARN_64_TO_32_BIT_CONVERSION = YES;
				GCC_WARN_ABOUT_RETURN_TYPE = YES_ERROR;
				GCC_WARN_UNDECLARED_SELECTOR = YES;
				GCC_WARN_UNINITIALIZED_AUTOS = YES_AGGRESSIVE;
				GCC_WARN_UNUSED_FUNCTION = YES;
				GCC_WARN_UNUSED_VARIABLE = YES;
				IPHONEOS_DEPLOYMENT_TARGET = 8.1;
				MTL_ENABLE_DEBUG_INFO = NO;
				SDKROOT = iphoneos;
				TARGETED_DEVICE_FAMILY = "1,2";
				VALIDATE_PRODUCT = YES;
			};
			name = Release;
		};
		1A16D8691A7ACE35001909FA /* Debug */ = {
			isa = XCBuildConfiguration;
			buildSettings = {
				ASSETCATALOG_COMPILER_APPICON_NAME = AppIcon;
				INFOPLIST_FILE = ShoeConverter/Info.plist;
				LD_RUNPATH_SEARCH_PATHS = "$(inherited) @executable_path/Frameworks";
				PRODUCT_NAME = "$(TARGET_NAME)";
			};
			name = Debug;
		};
		1A16D86A1A7ACE35001909FA /* Release */ = {
			isa = XCBuildConfiguration;
			buildSettings = {
				ASSETCATALOG_COMPILER_APPICON_NAME = AppIcon;
				INFOPLIST_FILE = ShoeConverter/Info.plist;
				LD_RUNPATH_SEARCH_PATHS = "$(inherited) @executable_path/Frameworks";
				PRODUCT_NAME = "$(TARGET_NAME)";
			};
			name = Release;
		};
		1A16D86C1A7ACE35001909FA /* Debug */ = {
			isa = XCBuildConfiguration;
			buildSettings = {
				BUNDLE_LOADER = "$(TEST_HOST)";
				FRAMEWORK_SEARCH_PATHS = (
					"$(SDKROOT)/Developer/Library/Frameworks",
					"$(inherited)",
				);
				GCC_PREPROCESSOR_DEFINITIONS = (
					"DEBUG=1",
					"$(inherited)",
				);
				INFOPLIST_FILE = ShoeConverterTests/Info.plist;
				LD_RUNPATH_SEARCH_PATHS = "$(inherited) @executable_path/Frameworks @loader_path/Frameworks";
				PRODUCT_NAME = "$(TARGET_NAME)";
				TEST_HOST = "$(BUILT_PRODUCTS_DIR)/ShoeConverter.app/ShoeConverter";
			};
			name = Debug;
		};
		1A16D86D1A7ACE35001909FA /* Release */ = {
			isa = XCBuildConfiguration;
			buildSettings = {
				BUNDLE_LOADER = "$(TEST_HOST)";
				FRAMEWORK_SEARCH_PATHS = (
					"$(SDKROOT)/Developer/Library/Frameworks",
					"$(inherited)",
				);
				INFOPLIST_FILE = ShoeConverterTests/Info.plist;
				LD_RUNPATH_SEARCH_PATHS = "$(inherited) @executable_path/Frameworks @loader_path/Frameworks";
				PRODUCT_NAME = "$(TARGET_NAME)";
				TEST_HOST = "$(BUILT_PRODUCTS_DIR)/ShoeConverter.app/ShoeConverter";
			};
			name = Release;
		};
/* End XCBuildConfiguration section */

/* Begin XCConfigurationList section */
		1A16D8441A7ACE34001909FA /* Build configuration list for PBXProject "ShoeConverter" */ = {
			isa = XCConfigurationList;
			buildConfigurations = (
				1A16D8661A7ACE35001909FA /* Debug */,
				1A16D8671A7ACE35001909FA /* Release */,
			);
			defaultConfigurationIsVisible = 0;
			defaultConfigurationName = Release;
		};
		1A16D8681A7ACE35001909FA /* Build configuration list for PBXNativeTarget "ShoeConverter" */ = {
			isa = XCConfigurationList;
			buildConfigurations = (
				1A16D8691A7ACE35001909FA /* Debug */,
				1A16D86A1A7ACE35001909FA /* Release */,
			);
			defaultConfigurationIsVisible = 0;
		};
		1A16D86B1A7ACE35001909FA /* Build configuration list for PBXNativeTarget "ShoeConverterTests" */ = {
			isa = XCConfigurationList;
			buildConfigurations = (
				1A16D86C1A7ACE35001909FA /* Debug */,
				1A16D86D1A7ACE35001909FA /* Release */,
			);
			defaultConfigurationIsVisible = 0;
		};
/* End XCConfigurationList section */
	};
	rootObject = 1A16D8411A7ACE34001909FA /* Project object */;
}
